
Microsoft Visual Studio Solution File, Format Version 12.00
# Visual Studio Version 17
VisualStudioVersion = 17.5.33516.290
MinimumVisualStudioVersion = 10.0.40219.1
Project("{2150E333-8FDC-42A3-9474-1A3956D46DE8}") = "EnterpriseBusinessRules", "EnterpriseBusinessRules", "{63D94D2D-650D-4771-9FB3-2FF743568051}"
EndProject
Project("{2150E333-8FDC-42A3-9474-1A3956D46DE8}") = "ApplicationBusinessRules", "ApplicationBusinessRules", "{A00895E7-4045-4887-812B-AAFC520E05B3}"
EndProject
Project("{2150E333-8FDC-42A3-9474-1A3956D46DE8}") = "InterfaceAdapters", "InterfaceAdapters", "{CBF1F180-E007-4848-8A6D-E2AF5B6158CE}"
EndProject
Project("{2150E333-8FDC-42A3-9474-1A3956D46DE8}") = "Frameworks And Drivers", "Frameworks And Drivers", "{8B41773F-2345-462E-9AED-507CBB7EDA82}"
EndProject
Project("{FAE04EC0-301F-11D3-BF4B-00C04F79EFBC}") = "NorthWay.Entities", "NorthWay.Entities\NorthWay.Entities.csproj", "{BFD2F77B-6CD0-430C-8582-B9DCCEE6923F}"
EndProject
Project("{2150E333-8FDC-42A3-9474-1A3956D46DE8}") = "GateWays", "GateWays", "{8A6CA191-F9D7-4CB2-9822-059A1BDF486D}"
EndProject
Project("{FAE04EC0-301F-11D3-BF4B-00C04F79EFBC}") = "NorthWind.Repository.EFCore", "NorthWind.Repository.EFCore\NorthWind.Repository.EFCore.csproj", "{F12E1DCA-0841-4CD0-86D7-05A1ACF60E46}"
EndProject
Project("{FAE04EC0-301F-11D3-BF4B-00C04F79EFBC}") = "NorthWind.UseCasesDTOs", "NorthWind.UseCasesDTOs\NorthWind.UseCasesDTOs.csproj", "{EC2461F3-5F5A-40B7-AAFB-420AC1701124}"
EndProject
Project("{FAE04EC0-301F-11D3-BF4B-00C04F79EFBC}") = "NorthWind.UseCases", "NorthWind.UseCases\NorthWind.UseCases.csproj", "{06CD456C-6C82-4910-AFDD-E4D46709E2D4}"
EndProject
Project("{FAE04EC0-301F-11D3-BF4B-00C04F79EFBC}") = "NorthWind.InversionOfControl", "NorthWind.InversionOfControl\NorthWind.InversionOfControl.csproj", "{834BA472-782B-4F89-BDD7-597B546D176B}"
EndProject
Project("{2150E333-8FDC-42A3-9474-1A3956D46DE8}") = "Presentater", "Presentater", "{89F07CF8-8F2B-4A70-87E2-4D03B7969019}"
EndProject
Project("{FAE04EC0-301F-11D3-BF4B-00C04F79EFBC}") = "NorthWind.WebExceptionsPresenter", "NorthWind.WebExceptionsPresenter\NorthWind.WebExceptionsPresenter.csproj", "{6698D409-5E09-45E5-A170-36D0594BE482}"
EndProject
Project("{FAE04EC0-301F-11D3-BF4B-00C04F79EFBC}") = "NorhtWind.WebApi", "NorhtWind.WebApi\NorhtWind.WebApi.csproj", "{E095651A-3EDB-4317-AA47-A5BE7D7752A2}"
EndProject
Global
	GlobalSection(SolutionConfigurationPlatforms) = preSolution
		Debug|Any CPU = Debug|Any CPU
		Release|Any CPU = Release|Any CPU
	EndGlobalSection
	GlobalSection(ProjectConfigurationPlatforms) = postSolution
		{BFD2F77B-6CD0-430C-8582-B9DCCEE6923F}.Debug|Any CPU.ActiveCfg = Debug|Any CPU
		{BFD2F77B-6CD0-430C-8582-B9DCCEE6923F}.Debug|Any CPU.Build.0 = Debug|Any CPU
		{BFD2F77B-6CD0-430C-8582-B9DCCEE6923F}.Release|Any CPU.ActiveCfg = Release|Any CPU
		{BFD2F77B-6CD0-430C-8582-B9DCCEE6923F}.Release|Any CPU.Build.0 = Release|Any CPU
		{F12E1DCA-0841-4CD0-86D7-05A1ACF60E46}.Debug|Any CPU.ActiveCfg = Debug|Any CPU
		{F12E1DCA-0841-4CD0-86D7-05A1ACF60E46}.Debug|Any CPU.Build.0 = Debug|Any CPU
		{F12E1DCA-0841-4CD0-86D7-05A1ACF60E46}.Release|Any CPU.ActiveCfg = Release|Any CPU
		{F12E1DCA-0841-4CD0-86D7-05A1ACF60E46}.Release|Any CPU.Build.0 = Release|Any CPU
		{EC2461F3-5F5A-40B7-AAFB-420AC1701124}.Debug|Any CPU.ActiveCfg = Debug|Any CPU
		{EC2461F3-5F5A-40B7-AAFB-420AC1701124}.Debug|Any CPU.Build.0 = Debug|Any CPU
		{EC2461F3-5F5A-40B7-AAFB-420AC1701124}.Release|Any CPU.ActiveCfg = Release|Any CPU
		{EC2461F3-5F5A-40B7-AAFB-420AC1701124}.Release|Any CPU.Build.0 = Release|Any CPU
		{06CD456C-6C82-4910-AFDD-E4D46709E2D4}.Debug|Any CPU.ActiveCfg = Debug|Any CPU
		{06CD456C-6C82-4910-AFDD-E4D46709E2D4}.Debug|Any CPU.Build.0 = Debug|Any CPU
		{06CD456C-6C82-4910-AFDD-E4D46709E2D4}.Release|Any CPU.ActiveCfg = Release|Any CPU
		{06CD456C-6C82-4910-AFDD-E4D46709E2D4}.Release|Any CPU.Build.0 = Release|Any CPU
		{834BA472-782B-4F89-BDD7-597B546D176B}.Debug|Any CPU.ActiveCfg = Debug|Any CPU
		{834BA472-782B-4F89-BDD7-597B546D176B}.Debug|Any CPU.Build.0 = Debug|Any CPU
		{834BA472-782B-4F89-BDD7-597B546D176B}.Release|Any CPU.ActiveCfg = Release|Any CPU
		{834BA472-782B-4F89-BDD7-597B546D176B}.Release|Any CPU.Build.0 = Release|Any CPU
		{6698D409-5E09-45E5-A170-36D0594BE482}.Debug|Any CPU.ActiveCfg = Debug|Any CPU
		{6698D409-5E09-45E5-A170-36D0594BE482}.Debug|Any CPU.Build.0 = Debug|Any CPU
		{6698D409-5E09-45E5-A170-36D0594BE482}.Release|Any CPU.ActiveCfg = Release|Any CPU
		{6698D409-5E09-45E5-A170-36D0594BE482}.Release|Any CPU.Build.0 = Release|Any CPU
		{E095651A-3EDB-4317-AA47-A5BE7D7752A2}.Debug|Any CPU.ActiveCfg = Debug|Any CPU
		{E095651A-3EDB-4317-AA47-A5BE7D7752A2}.Debug|Any CPU.Build.0 = Debug|Any CPU
		{E095651A-3EDB-4317-AA47-A5BE7D7752A2}.Release|Any CPU.ActiveCfg = Release|Any CPU
		{E095651A-3EDB-4317-AA47-A5BE7D7752A2}.Release|Any CPU.Build.0 = Release|Any CPU
	EndGlobalSection
	GlobalSection(SolutionProperties) = preSolution
		HideSolutionNode = FALSE
	EndGlobalSection
	GlobalSection(NestedProjects) = preSolution
		{BFD2F77B-6CD0-430C-8582-B9DCCEE6923F} = {63D94D2D-650D-4771-9FB3-2FF743568051}
		{8A6CA191-F9D7-4CB2-9822-059A1BDF486D} = {CBF1F180-E007-4848-8A6D-E2AF5B6158CE}
		{F12E1DCA-0841-4CD0-86D7-05A1ACF60E46} = {8A6CA191-F9D7-4CB2-9822-059A1BDF486D}
		{EC2461F3-5F5A-40B7-AAFB-420AC1701124} = {A00895E7-4045-4887-812B-AAFC520E05B3}
		{06CD456C-6C82-4910-AFDD-E4D46709E2D4} = {A00895E7-4045-4887-812B-AAFC520E05B3}
		{834BA472-782B-4F89-BDD7-597B546D176B} = {CBF1F180-E007-4848-8A6D-E2AF5B6158CE}
		{89F07CF8-8F2B-4A70-87E2-4D03B7969019} = {CBF1F180-E007-4848-8A6D-E2AF5B6158CE}
		{6698D409-5E09-45E5-A170-36D0594BE482} = {89F07CF8-8F2B-4A70-87E2-4D03B7969019}
		{E095651A-3EDB-4317-AA47-A5BE7D7752A2} = {8A6CA191-F9D7-4CB2-9822-059A1BDF486D}
	EndGlobalSection
	GlobalSection(ExtensibilityGlobals) = postSolution
		SolutionGuid = {2134A756-6134-4539-808F-00A923D4204C}
	EndGlobalSection
EndGlobal
